
Microsoft Visual Studio Solution File, Format Version 12.00
Project("{FAE04EC0-301F-11D3-BF4B-00C04F79EFBC}") = "ConsoleApp10", "ConsoleApp10\ConsoleApp10.csproj", "{F5BC6686-B620-488C-9D0C-5DB6EAA25D54}"
EndProject
Global
	GlobalSection(SolutionConfigurationPlatforms) = preSolution
		Debug|Any CPU = Debug|Any CPU
		Release|Any CPU = Release|Any CPU
	EndGlobalSection
	GlobalSection(ProjectConfigurationPlatforms) = postSolution
		{F5BC6686-B620-488C-9D0C-5DB6EAA25D54}.Debug|Any CPU.ActiveCfg = Debug|Any CPU
		{F5BC6686-B620-488C-9D0C-5DB6EAA25D54}.Debug|Any CPU.Build.0 = Debug|Any CPU
		{F5BC6686-B620-488C-9D0C-5DB6EAA25D54}.Release|Any CPU.ActiveCfg = Release|Any CPU
		{F5BC6686-B620-488C-9D0C-5DB6EAA25D54}.Release|Any CPU.Build.0 = Release|Any CPU
	EndGlobalSection
EndGlobal
